// !$*UTF8*$!
{
	archiveVersion = 1;
	classes = {
	};
	objectVersion = 77;
	objects = {

/* Begin PBXFileReference section */
		69E817D82E160B8E00EE5DF2 /* Main.cpp */ = {isa = PBXFileReference; lastKnownFileType = sourcecode.cpp.cpp; path = Main.cpp; sourceTree = "<group>"; };
/* End PBXFileReference section */

/* Begin PBXGroup section */
		69E817D02E160B5900EE5DF2 = {
			isa = PBXGroup;
			children = (
				69E817D82E160B8E00EE5DF2 /* Main.cpp */,
			);
			sourceTree = "<group>";
		};
/* End PBXGroup section */

/* Begin PBXProject section */
		69E817D12E160B5900EE5DF2 /* Project object */ = {
			isa = PBXProject;
			attributes = {
				BuildIndependentTargetsInParallel = 1;
				LastUpgradeCheck = 1630;
			};
			buildConfigurationList = 69E817D42E160B5900EE5DF2 /* Build configuration list for PBXProject "TaskManagerCLI" */;
			developmentRegion = en;
			hasScannedForEncodings = 0;
			knownRegions = (
				en,
				Base,
			);
			mainGroup = 69E817D02E160B5900EE5DF2;
			minimizedProjectReferenceProxies = 1;
			preferredProjectObjectVersion = 77;
			projectDirPath = "";
			projectRoot = "";
			targets = (
			);
		};
/* End PBXProject section */

/* Begin XCBuildConfiguration section */
		69E817D52E160B5900EE5DF2 /* Debug */ = {
			isa = XCBuildConfiguration;
			buildSettings = {
			};
			name = Debug;
		};
		69E817D62E160B5900EE5DF2 /* Release */ = {
			isa = XCBuildConfiguration;
			buildSettings = {
			};
			name = Release;
		};
/* End XCBuildConfiguration section */

/* Begin XCConfigurationList section */
		69E817D42E160B5900EE5DF2 /* Build configuration list for PBXProject "TaskManagerCLI" */ = {
			isa = XCConfigurationList;
			buildConfigurations = (
				69E817D52E160B5900EE5DF2 /* Debug */,
				69E817D62E160B5900EE5DF2 /* Release */,
			);
			defaultConfigurationIsVisible = 0;
			defaultConfigurationName = Release;
		};
/* End XCConfigurationList section */
	};
	rootObject = 69E817D12E160B5900EE5DF2 /* Project object */;
}
